# THIS IS AN AUTOGENERATED FILE. DO NOT EDIT THIS FILE DIRECTLY.
# yarn lockfile v1


jquery@^3.3.1:
  version "3.3.1"
  resolved "https://registry.yarnpkg.com/jquery/-/jquery-3.3.1.tgz#958ce29e81c9790f31be7792df5d4d95fc57fbca"
  integrity sha512-Ubldcmxp5np52/ENotGxlLe6aGMvmF4R8S6tZjsP6Knsaxd/xp3Zrh50cG93lR6nPXyUFwzN3ZSOQI0wRJNdGg==

raty-js@^2.9.0:
  version "2.9.0"
  resolved "https://registry.yarnpkg.com/raty-js/-/raty-js-2.9.0.tgz#63076c3e17d6d9824d3998fe0a5d4625022db6fb"
  integrity sha512-sh4w6Zebi3JGmhdc6KEPVXZVkgE75j3F/0aA/CV6uq4I06AS82y8p6Kpiwh1cnmZiWbjeARv/4XQKpio68X8RA==
  dependencies:
    jquery "^3.3.1"
